
Microsoft Visual Studio Solution File, Format Version 12.00
# Visual Studio 15
Project("{FAE04EC0-301F-11D3-BF4B-00C04F79EFBC}") = "Venus.Application", "Venus.Application\Venus.Application.csproj", "{769A6294-1780-4008-B627-9A54A30A7C4A}"
EndProject
Project("{FAE04EC0-301F-11D3-BF4B-00C04F79EFBC}") = "Venus.Core", "Venus.Core\Venus.Core.csproj", "{5D4F7A62-B4EC-4600-9C96-68B08237F684}"
EndProject
Project("{FAE04EC0-301F-11D3-BF4B-00C04F79EFBC}") = "Venus.EntityFrameworkCore", "Venus.EntityFrameworkCore\Venus.EntityFrameworkCore.csproj", "{BA74DDB4-36FD-4BE7-92C8-9D42B023172F}"
EndProject
Project("{FAE04EC0-301F-11D3-BF4B-00C04F79EFBC}") = "Venus.Migrator", "Venus.Migrator\Venus.Migrator.csproj", "{CB781479-84E5-496C-A4E8-19D5EFB57A82}"
EndProject
Project("{FAE04EC0-301F-11D3-BF4B-00C04F79EFBC}") = "Venus.Web.Core", "Venus.Web.Core\Venus.Web.Core.csproj", "{598A10B9-6573-4653-969F-BA427929ECB8}"
EndProject
Project("{FAE04EC0-301F-11D3-BF4B-00C04F79EFBC}") = "Venus.Web.Host", "Venus.Web.Host\Venus.Web.Host.csproj", "{D44B3755-17F0-4E59-963B-93383B7D348B}"
EndProject
Global
	GlobalSection(SolutionConfigurationPlatforms) = preSolution
		Debug|Any CPU = Debug|Any CPU
		Release|Any CPU = Release|Any CPU
	EndGlobalSection
	GlobalSection(ProjectConfigurationPlatforms) = postSolution
		{769A6294-1780-4008-B627-9A54A30A7C4A}.Debug|Any CPU.ActiveCfg = Debug|Any CPU
		{769A6294-1780-4008-B627-9A54A30A7C4A}.Debug|Any CPU.Build.0 = Debug|Any CPU
		{769A6294-1780-4008-B627-9A54A30A7C4A}.Release|Any CPU.ActiveCfg = Release|Any CPU
		{769A6294-1780-4008-B627-9A54A30A7C4A}.Release|Any CPU.Build.0 = Release|Any CPU
		{5D4F7A62-B4EC-4600-9C96-68B08237F684}.Debug|Any CPU.ActiveCfg = Debug|Any CPU
		{5D4F7A62-B4EC-4600-9C96-68B08237F684}.Debug|Any CPU.Build.0 = Debug|Any CPU
		{5D4F7A62-B4EC-4600-9C96-68B08237F684}.Release|Any CPU.ActiveCfg = Release|Any CPU
		{5D4F7A62-B4EC-4600-9C96-68B08237F684}.Release|Any CPU.Build.0 = Release|Any CPU
		{BA74DDB4-36FD-4BE7-92C8-9D42B023172F}.Debug|Any CPU.ActiveCfg = Debug|Any CPU
		{BA74DDB4-36FD-4BE7-92C8-9D42B023172F}.Debug|Any CPU.Build.0 = Debug|Any CPU
		{BA74DDB4-36FD-4BE7-92C8-9D42B023172F}.Release|Any CPU.ActiveCfg = Release|Any CPU
		{BA74DDB4-36FD-4BE7-92C8-9D42B023172F}.Release|Any CPU.Build.0 = Release|Any CPU
		{CB781479-84E5-496C-A4E8-19D5EFB57A82}.Debug|Any CPU.ActiveCfg = Debug|Any CPU
		{CB781479-84E5-496C-A4E8-19D5EFB57A82}.Debug|Any CPU.Build.0 = Debug|Any CPU
		{CB781479-84E5-496C-A4E8-19D5EFB57A82}.Release|Any CPU.ActiveCfg = Release|Any CPU
		{CB781479-84E5-496C-A4E8-19D5EFB57A82}.Release|Any CPU.Build.0 = Release|Any CPU
		{598A10B9-6573-4653-969F-BA427929ECB8}.Debug|Any CPU.ActiveCfg = Debug|Any CPU
		{598A10B9-6573-4653-969F-BA427929ECB8}.Debug|Any CPU.Build.0 = Debug|Any CPU
		{598A10B9-6573-4653-969F-BA427929ECB8}.Release|Any CPU.ActiveCfg = Release|Any CPU
		{598A10B9-6573-4653-969F-BA427929ECB8}.Release|Any CPU.Build.0 = Release|Any CPU
		{D44B3755-17F0-4E59-963B-93383B7D348B}.Debug|Any CPU.ActiveCfg = Debug|Any CPU
		{D44B3755-17F0-4E59-963B-93383B7D348B}.Debug|Any CPU.Build.0 = Debug|Any CPU
		{D44B3755-17F0-4E59-963B-93383B7D348B}.Release|Any CPU.ActiveCfg = Release|Any CPU
		{D44B3755-17F0-4E59-963B-93383B7D348B}.Release|Any CPU.Build.0 = Release|Any CPU
	EndGlobalSection
EndGlobal
